// !$*UTF8*$!
{
	archiveVersion = 1;
	classes = {
	};
	objectVersion = 50;
	objects = {

/* Begin PBXBuildFile section */
		1FE8B319E9DC66A442E1554A /* Pods_Swift5_RunApp.framework in Frameworks */ = {isa = PBXBuildFile; fileRef = 5021C3E3E6186302E6C33545 /* Pods_Swift5_RunApp.framework */; };
		4EB142D246331898F0A65CD5 /* Pods_Swift5_RunAppTests.framework in Frameworks */ = {isa = PBXBuildFile; fileRef = 1975D06098949301A4B551FE /* Pods_Swift5_RunAppTests.framework */; };
		9B2DD462766B8FCEEBB0F46C /* Pods_Swift5_RunApp_Swift5_RunAppUITests.framework in Frameworks */ = {isa = PBXBuildFile; fileRef = BFA8EC2B2CFE1CB00C6A6B9B /* Pods_Swift5_RunApp_Swift5_RunAppUITests.framework */; };
		E709BB4B247D5B8D00E3BEED /* AppDelegate.swift in Sources */ = {isa = PBXBuildFile; fileRef = E709BB4A247D5B8D00E3BEED /* AppDelegate.swift */; };
		E709BB4D247D5B8D00E3BEED /* SceneDelegate.swift in Sources */ = {isa = PBXBuildFile; fileRef = E709BB4C247D5B8D00E3BEED /* SceneDelegate.swift */; };
		E709BB4F247D5B8D00E3BEED /* ViewController.swift in Sources */ = {isa = PBXBuildFile; fileRef = E709BB4E247D5B8D00E3BEED /* ViewController.swift */; };
		E709BB52247D5B8D00E3BEED /* Main.storyboard in Resources */ = {isa = PBXBuildFile; fileRef = E709BB50247D5B8D00E3BEED /* Main.storyboard */; };
		E709BB54247D5B9000E3BEED /* Assets.xcassets in Resources */ = {isa = PBXBuildFile; fileRef = E709BB53247D5B9000E3BEED /* Assets.xcassets */; };
		E709BB57247D5B9000E3BEED /* LaunchScreen.storyboard in Resources */ = {isa = PBXBuildFile; fileRef = E709BB55247D5B9000E3BEED /* LaunchScreen.storyboard */; };
		E709BB62247D5B9100E3BEED /* Swift5_RunAppTests.swift in Sources */ = {isa = PBXBuildFile; fileRef = E709BB61247D5B9100E3BEED /* Swift5_RunAppTests.swift */; };
		E709BB6D247D5B9100E3BEED /* Swift5_RunAppUITests.swift in Sources */ = {isa = PBXBuildFile; fileRef = E709BB6C247D5B9100E3BEED /* Swift5_RunAppUITests.swift */; };
/* End PBXBuildFile section */

/* Begin PBXContainerItemProxy section */
		E709BB5E247D5B9100E3BEED /* PBXContainerItemProxy */ = {
			isa = PBXContainerItemProxy;
			containerPortal = E709BB3F247D5B8D00E3BEED /* Project object */;
			proxyType = 1;
			remoteGlobalIDString = E709BB46247D5B8D00E3BEED;
			remoteInfo = "Swift5 RunApp";
		};
		E709BB69247D5B9100E3BEED /* PBXContainerItemProxy */ = {
			isa = PBXContainerItemProxy;
			containerPortal = E709BB3F247D5B8D00E3BEED /* Project object */;
			proxyType = 1;
			remoteGlobalIDString = E709BB46247D5B8D00E3BEED;
			remoteInfo = "Swift5 RunApp";
		};
/* End PBXContainerItemProxy section */

/* Begin PBXFileReference section */
		1037C7DB7DC1D8385F606772 /* Pods-Swift5 RunApp.release.xcconfig */ = {isa = PBXFileReference; includeInIndex = 1; lastKnownFileType = text.xcconfig; name = "Pods-Swift5 RunApp.release.xcconfig"; path = "Target Support Files/Pods-Swift5 RunApp/Pods-Swift5 RunApp.release.xcconfig"; sourceTree = "<group>"; };
		1975D06098949301A4B551FE /* Pods_Swift5_RunAppTests.framework */ = {isa = PBXFileReference; explicitFileType = wrapper.framework; includeInIndex = 0; path = Pods_Swift5_RunAppTests.framework; sourceTree = BUILT_PRODUCTS_DIR; };
		30C8B80DA53BE98D9078AD47 /* Pods-Swift5 RunAppTests.debug.xcconfig */ = {isa = PBXFileReference; includeInIndex = 1; lastKnownFileType = text.xcconfig; name = "Pods-Swift5 RunAppTests.debug.xcconfig"; path = "Target Support Files/Pods-Swift5 RunAppTests/Pods-Swift5 RunAppTests.debug.xcconfig"; sourceTree = "<group>"; };
		5021C3E3E6186302E6C33545 /* Pods_Swift5_RunApp.framework */ = {isa = PBXFileReference; explicitFileType = wrapper.framework; includeInIndex = 0; path = Pods_Swift5_RunApp.framework; sourceTree = BUILT_PRODUCTS_DIR; };
		5A7DC1D38A6525C9337A7146 /* Pods-Swift5 RunApp-Swift5 RunAppUITests.release.xcconfig */ = {isa = PBXFileReference; includeInIndex = 1; lastKnownFileType = text.xcconfig; name = "Pods-Swift5 RunApp-Swift5 RunAppUITests.release.xcconfig"; path = "Target Support Files/Pods-Swift5 RunApp-Swift5 RunAppUITests/Pods-Swift5 RunApp-Swift5 RunAppUITests.release.xcconfig"; sourceTree = "<group>"; };
		74B594B4AA03EBAC8800E1B3 /* Pods-Swift5 RunApp.debug.xcconfig */ = {isa = PBXFileReference; includeInIndex = 1; lastKnownFileType = text.xcconfig; name = "Pods-Swift5 RunApp.debug.xcconfig"; path = "Target Support Files/Pods-Swift5 RunApp/Pods-Swift5 RunApp.debug.xcconfig"; sourceTree = "<group>"; };
		ADC6CBA977318347D2091EA9 /* Pods-Swift5 RunApp-Swift5 RunAppUITests.debug.xcconfig */ = {isa = PBXFileReference; includeInIndex = 1; lastKnownFileType = text.xcconfig; name = "Pods-Swift5 RunApp-Swift5 RunAppUITests.debug.xcconfig"; path = "Target Support Files/Pods-Swift5 RunApp-Swift5 RunAppUITests/Pods-Swift5 RunApp-Swift5 RunAppUITests.debug.xcconfig"; sourceTree = "<group>"; };
		BFA8EC2B2CFE1CB00C6A6B9B /* Pods_Swift5_RunApp_Swift5_RunAppUITests.framework */ = {isa = PBXFileReference; explicitFileType = wrapper.framework; includeInIndex = 0; path = Pods_Swift5_RunApp_Swift5_RunAppUITests.framework; sourceTree = BUILT_PRODUCTS_DIR; };
		E709BB47247D5B8D00E3BEED /* Swift5 RunApp.app */ = {isa = PBXFileReference; explicitFileType = wrapper.application; includeInIndex = 0; path = "Swift5 RunApp.app"; sourceTree = BUILT_PRODUCTS_DIR; };
		E709BB4A247D5B8D00E3BEED /* AppDelegate.swift */ = {isa = PBXFileReference; lastKnownFileType = sourcecode.swift; path = AppDelegate.swift; sourceTree = "<group>"; };
		E709BB4C247D5B8D00E3BEED /* SceneDelegate.swift */ = {isa = PBXFileReference; lastKnownFileType = sourcecode.swift; path = SceneDelegate.swift; sourceTree = "<group>"; };
		E709BB4E247D5B8D00E3BEED /* ViewController.swift */ = {isa = PBXFileReference; lastKnownFileType = sourcecode.swift; path = ViewController.swift; sourceTree = "<group>"; };
		E709BB51247D5B8D00E3BEED /* Base */ = {isa = PBXFileReference; lastKnownFileType = file.storyboard; name = Base; path = Base.lproj/Main.storyboard; sourceTree = "<group>"; };
		E709BB53247D5B9000E3BEED /* Assets.xcassets */ = {isa = PBXFileReference; lastKnownFileType = folder.assetcatalog; path = Assets.xcassets; sourceTree = "<group>"; };
		E709BB56247D5B9000E3BEED /* Base */ = {isa = PBXFileReference; lastKnownFileType = file.storyboard; name = Base; path = Base.lproj/LaunchScreen.storyboard; sourceTree = "<group>"; };
		E709BB58247D5B9000E3BEED /* Info.plist */ = {isa = PBXFileReference; lastKnownFileType = text.plist.xml; path = Info.plist; sourceTree = "<group>"; };
		E709BB5D247D5B9100E3BEED /* Swift5 RunAppTests.xctest */ = {isa = PBXFileReference; explicitFileType = wrapper.cfbundle; includeInIndex = 0; path = "Swift5 RunAppTests.xctest"; sourceTree = BUILT_PRODUCTS_DIR; };
		E709BB61247D5B9100E3BEED /* Swift5_RunAppTests.swift */ = {isa = PBXFileReference; lastKnownFileType = sourcecode.swift; path = Swift5_RunAppTests.swift; sourceTree = "<group>"; };
		E709BB63247D5B9100E3BEED /* Info.plist */ = {isa = PBXFileReference; lastKnownFileType = text.plist.xml; path = Info.plist; sourceTree = "<group>"; };
		E709BB68247D5B9100E3BEED /* Swift5 RunAppUITests.xctest */ = {isa = PBXFileReference; explicitFileType = wrapper.cfbundle; includeInIndex = 0; path = "Swift5 RunAppUITests.xctest"; sourceTree = BUILT_PRODUCTS_DIR; };
		E709BB6C247D5B9100E3BEED /* Swift5_RunAppUITests.swift */ = {isa = PBXFileReference; lastKnownFileType = sourcecode.swift; path = Swift5_RunAppUITests.swift; sourceTree = "<group>"; };
		E709BB6E247D5B9100E3BEED /* Info.plist */ = {isa = PBXFileReference; lastKnownFileType = text.plist.xml; path = Info.plist; sourceTree = "<group>"; };
		F59CD830F70E0B2A372ADE2E /* Pods-Swift5 RunAppTests.release.xcconfig */ = {isa = PBXFileReference; includeInIndex = 1; lastKnownFileType = text.xcconfig; name = "Pods-Swift5 RunAppTests.release.xcconfig"; path = "Target Support Files/Pods-Swift5 RunAppTests/Pods-Swift5 RunAppTests.release.xcconfig"; sourceTree = "<group>"; };
/* End PBXFileReference section */

/* Begin PBXFrameworksBuildPhase section */
		E709BB44247D5B8D00E3BEED /* Frameworks */ = {
			isa = PBXFrameworksBuildPhase;
			buildActionMask = 2147483647;
			files = (
				1FE8B319E9DC66A442E1554A /* Pods_Swift5_RunApp.framework in Frameworks */,
			);
			runOnlyForDeploymentPostprocessing = 0;
		};
		E709BB5A247D5B9100E3BEED /* Frameworks */ = {
			isa = PBXFrameworksBuildPhase;
			buildActionMask = 2147483647;
			files = (
				4EB142D246331898F0A65CD5 /* Pods_Swift5_RunAppTests.framework in Frameworks */,
			);
			runOnlyForDeploymentPostprocessing = 0;
		};
		E709BB65247D5B9100E3BEED /* Frameworks */ = {
			isa = PBXFrameworksBuildPhase;
			buildActionMask = 2147483647;
			files = (
				9B2DD462766B8FCEEBB0F46C /* Pods_Swift5_RunApp_Swift5_RunAppUITests.framework in Frameworks */,
			);
			runOnlyForDeploymentPostprocessing = 0;
		};
/* End PBXFrameworksBuildPhase section */

/* Begin PBXGroup section */
		87201CDBE567A809CB12BCC2 /* Frameworks */ = {
			isa = PBXGroup;
			children = (
				5021C3E3E6186302E6C33545 /* Pods_Swift5_RunApp.framework */,
				BFA8EC2B2CFE1CB00C6A6B9B /* Pods_Swift5_RunApp_Swift5_RunAppUITests.framework */,
				1975D06098949301A4B551FE /* Pods_Swift5_RunAppTests.framework */,
			);
			name = Frameworks;
			sourceTree = "<group>";
		};
		E5C047CD11FEE37A991E0B35 /* Pods */ = {
			isa = PBXGroup;
			children = (
				74B594B4AA03EBAC8800E1B3 /* Pods-Swift5 RunApp.debug.xcconfig */,
				1037C7DB7DC1D8385F606772 /* Pods-Swift5 RunApp.release.xcconfig */,
				ADC6CBA977318347D2091EA9 /* Pods-Swift5 RunApp-Swift5 RunAppUITests.debug.xcconfig */,
				5A7DC1D38A6525C9337A7146 /* Pods-Swift5 RunApp-Swift5 RunAppUITests.release.xcconfig */,
				30C8B80DA53BE98D9078AD47 /* Pods-Swift5 RunAppTests.debug.xcconfig */,
				F59CD830F70E0B2A372ADE2E /* Pods-Swift5 RunAppTests.release.xcconfig */,
			);
			name = Pods;
			path = Pods;
			sourceTree = "<group>";
		};
		E709BB3E247D5B8D00E3BEED = {
			isa = PBXGroup;
			children = (
				E709BB49247D5B8D00E3BEED /* Swift5 RunApp */,
				E709BB60247D5B9100E3BEED /* Swift5 RunAppTests */,
				E709BB6B247D5B9100E3BEED /* Swift5 RunAppUITests */,
				E709BB48247D5B8D00E3BEED /* Products */,
				E5C047CD11FEE37A991E0B35 /* Pods */,
				87201CDBE567A809CB12BCC2 /* Frameworks */,
			);
			sourceTree = "<group>";
		};
		E709BB48247D5B8D00E3BEED /* Products */ = {
			isa = PBXGroup;
			children = (
				E709BB47247D5B8D00E3BEED /* Swift5 RunApp.app */,
				E709BB5D247D5B9100E3BEED /* Swift5 RunAppTests.xctest */,
				E709BB68247D5B9100E3BEED /* Swift5 RunAppUITests.xctest */,
			);
			name = Products;
			sourceTree = "<group>";
		};
		E709BB49247D5B8D00E3BEED /* Swift5 RunApp */ = {
			isa = PBXGroup;
			children = (
				E709BB4A247D5B8D00E3BEED /* AppDelegate.swift */,
				E709BB4C247D5B8D00E3BEED /* SceneDelegate.swift */,
				E709BB4E247D5B8D00E3BEED /* ViewController.swift */,
				E709BB50247D5B8D00E3BEED /* Main.storyboard */,
				E709BB53247D5B9000E3BEED /* Assets.xcassets */,
				E709BB55247D5B9000E3BEED /* LaunchScreen.storyboard */,
				E709BB58247D5B9000E3BEED /* Info.plist */,
			);
			path = "Swift5 RunApp";
			sourceTree = "<group>";
		};
		E709BB60247D5B9100E3BEED /* Swift5 RunAppTests */ = {
			isa = PBXGroup;
			children = (
				E709BB61247D5B9100E3BEED /* Swift5_RunAppTests.swift */,
				E709BB63247D5B9100E3BEED /* Info.plist */,
			);
			path = "Swift5 RunAppTests";
			sourceTree = "<group>";
		};
		E709BB6B247D5B9100E3BEED /* Swift5 RunAppUITests */ = {
			isa = PBXGroup;
			children = (
				E709BB6C247D5B9100E3BEED /* Swift5_RunAppUITests.swift */,
				E709BB6E247D5B9100E3BEED /* Info.plist */,
			);
			path = "Swift5 RunAppUITests";
			sourceTree = "<group>";
		};
/* End PBXGroup section */

/* Begin PBXNativeTarget section */
		E709BB46247D5B8D00E3BEED /* Swift5 RunApp */ = {
			isa = PBXNativeTarget;
			buildConfigurationList = E709BB71247D5B9100E3BEED /* Build configuration list for PBXNativeTarget "Swift5 RunApp" */;
			buildPhases = (
				8F1F44F3F8F259D7A5024B81 /* [CP] Check Pods Manifest.lock */,
				E709BB43247D5B8D00E3BEED /* Sources */,
				E709BB44247D5B8D00E3BEED /* Frameworks */,
				E709BB45247D5B8D00E3BEED /* Resources */,
				7BCEE1699993164D9225BC57 /* [CP] Embed Pods Frameworks */,
			);
			buildRules = (
			);
			dependencies = (
			);
			name = "Swift5 RunApp";
			productName = "Swift5 RunApp";
			productReference = E709BB47247D5B8D00E3BEED /* Swift5 RunApp.app */;
			productType = "com.apple.product-type.application";
		};
		E709BB5C247D5B9100E3BEED /* Swift5 RunAppTests */ = {
			isa = PBXNativeTarget;
			buildConfigurationList = E709BB74247D5B9100E3BEED /* Build configuration list for PBXNativeTarget "Swift5 RunAppTests" */;
			buildPhases = (
				5845519F5A03F3626A17C8EE /* [CP] Check Pods Manifest.lock */,
				E709BB59247D5B9100E3BEED /* Sources */,
				E709BB5A247D5B9100E3BEED /* Frameworks */,
				E709BB5B247D5B9100E3BEED /* Resources */,
			);
			buildRules = (
			);
			dependencies = (
				E709BB5F247D5B9100E3BEED /* PBXTargetDependency */,
			);
			name = "Swift5 RunAppTests";
			productName = "Swift5 RunAppTests";
			productReference = E709BB5D247D5B9100E3BEED /* Swift5 RunAppTests.xctest */;
			productType = "com.apple.product-type.bundle.unit-test";
		};
		E709BB67247D5B9100E3BEED /* Swift5 RunAppUITests */ = {
			isa = PBXNativeTarget;
			buildConfigurationList = E709BB77247D5B9100E3BEED /* Build configuration list for PBXNativeTarget "Swift5 RunAppUITests" */;
			buildPhases = (
				5FADE3603D17540DC617630E /* [CP] Check Pods Manifest.lock */,
				E709BB64247D5B9100E3BEED /* Sources */,
				E709BB65247D5B9100E3BEED /* Frameworks */,
				E709BB66247D5B9100E3BEED /* Resources */,
				5DF14CDC91969E283356A44A /* [CP] Embed Pods Frameworks */,
			);
			buildRules = (
			);
			dependencies = (
				E709BB6A247D5B9100E3BEED /* PBXTargetDependency */,
			);
			name = "Swift5 RunAppUITests";
			productName = "Swift5 RunAppUITests";
			productReference = E709BB68247D5B9100E3BEED /* Swift5 RunAppUITests.xctest */;
			productType = "com.apple.product-type.bundle.ui-testing";
		};
/* End PBXNativeTarget section */

/* Begin PBXProject section */
		E709BB3F247D5B8D00E3BEED /* Project object */ = {
			isa = PBXProject;
			attributes = {
				LastSwiftUpdateCheck = 1140;
				LastUpgradeCheck = 1140;
				ORGANIZATIONNAME = Hiroaki_Hirabayashi;
				TargetAttributes = {
					E709BB46247D5B8D00E3BEED = {
						CreatedOnToolsVersion = 11.4;
					};
					E709BB5C247D5B9100E3BEED = {
						CreatedOnToolsVersion = 11.4;
						TestTargetID = E709BB46247D5B8D00E3BEED;
					};
					E709BB67247D5B9100E3BEED = {
						CreatedOnToolsVersion = 11.4;
						TestTargetID = E709BB46247D5B8D00E3BEED;
					};
				};
			};
			buildConfigurationList = E709BB42247D5B8D00E3BEED /* Build configuration list for PBXProject "Swift5 RunApp" */;
			compatibilityVersion = "Xcode 9.3";
			developmentRegion = en;
			hasScannedForEncodings = 0;
			knownRegions = (
				en,
				Base,
			);
			mainGroup = E709BB3E247D5B8D00E3BEED;
			productRefGroup = E709BB48247D5B8D00E3BEED /* Products */;
			projectDirPath = "";
			projectRoot = "";
			targets = (
				E709BB46247D5B8D00E3BEED /* Swift5 RunApp */,
				E709BB5C247D5B9100E3BEED /* Swift5 RunAppTests */,
				E709BB67247D5B9100E3BEED /* Swift5 RunAppUITests */,
			);
		};
/* End PBXProject section */

/* Begin PBXResourcesBuildPhase section */
		E709BB45247D5B8D00E3BEED /* Resources */ = {
			isa = PBXResourcesBuildPhase;
			buildActionMask = 2147483647;
			files = (
				E709BB57247D5B9000E3BEED /* LaunchScreen.storyboard in Resources */,
				E709BB54247D5B9000E3BEED /* Assets.xcassets in Resources */,
				E709BB52247D5B8D00E3BEED /* Main.storyboard in Resources */,
			);
			runOnlyForDeploymentPostprocessing = 0;
		};
		E709BB5B247D5B9100E3BEED /* Resources */ = {
			isa = PBXResourcesBuildPhase;
			buildActionMask = 2147483647;
			files = (
			);
			runOnlyForDeploymentPostprocessing = 0;
		};
		E709BB66247D5B9100E3BEED /* Resources */ = {
			isa = PBXResourcesBuildPhase;
			buildActionMask = 2147483647;
			files = (
			);
			runOnlyForDeploymentPostprocessing = 0;
		};
/* End PBXResourcesBuildPhase section */

/* Begin PBXShellScriptBuildPhase section */
		5845519F5A03F3626A17C8EE /* [CP] Check Pods Manifest.lock */ = {
			isa = PBXShellScriptBuildPhase;
			buildActionMask = 2147483647;
			files = (
			);
			inputFileListPaths = (
			);
			inputPaths = (
				"${PODS_PODFILE_DIR_PATH}/Podfile.lock",
				"${PODS_ROOT}/Manifest.lock",
			);
			name = "[CP] Check Pods Manifest.lock";
			outputFileListPaths = (
			);
			outputPaths = (
				"$(DERIVED_FILE_DIR)/Pods-Swift5 RunAppTests-checkManifestLockResult.txt",
			);
			runOnlyForDeploymentPostprocessing = 0;
			shellPath = /bin/sh;
			shellScript = "diff \"${PODS_PODFILE_DIR_PATH}/Podfile.lock\" \"${PODS_ROOT}/Manifest.lock\" > /dev/null\nif [ $? != 0 ] ; then\n    # print error to STDERR\n    echo \"error: The sandbox is not in sync with the Podfile.lock. Run 'pod install' or update your CocoaPods installation.\" >&2\n    exit 1\nfi\n# This output is used by Xcode 'outputs' to avoid re-running this script phase.\necho \"SUCCESS\" > \"${SCRIPT_OUTPUT_FILE_0}\"\n";
			showEnvVarsInLog = 0;
		};
		5DF14CDC91969E283356A44A /* [CP] Embed Pods Frameworks */ = {
			isa = PBXShellScriptBuildPhase;
			buildActionMask = 2147483647;
			files = (
			);
			inputFileListPaths = (
				"${PODS_ROOT}/Target Support Files/Pods-Swift5 RunApp-Swift5 RunAppUITests/Pods-Swift5 RunApp-Swift5 RunAppUITests-frameworks-${CONFIGURATION}-input-files.xcfilelist",
			);
			name = "[CP] Embed Pods Frameworks";
			outputFileListPaths = (
				"${PODS_ROOT}/Target Support Files/Pods-Swift5 RunApp-Swift5 RunAppUITests/Pods-Swift5 RunApp-Swift5 RunAppUITests-frameworks-${CONFIGURATION}-output-files.xcfilelist",
			);
			runOnlyForDeploymentPostprocessing = 0;
			shellPath = /bin/sh;
			shellScript = "\"${PODS_ROOT}/Target Support Files/Pods-Swift5 RunApp-Swift5 RunAppUITests/Pods-Swift5 RunApp-Swift5 RunAppUITests-frameworks.sh\"\n";
			showEnvVarsInLog = 0;
		};
		5FADE3603D17540DC617630E /* [CP] Check Pods Manifest.lock */ = {
			isa = PBXShellScriptBuildPhase;
			buildActionMask = 2147483647;
			files = (
			);
			inputFileListPaths = (
			);
			inputPaths = (
				"${PODS_PODFILE_DIR_PATH}/Podfile.lock",
				"${PODS_ROOT}/Manifest.lock",
			);
			name = "[CP] Check Pods Manifest.lock";
			outputFileListPaths = (
			);
			outputPaths = (
				"$(DERIVED_FILE_DIR)/Pods-Swift5 RunApp-Swift5 RunAppUITests-checkManifestLockResult.txt",
			);
			runOnlyForDeploymentPostprocessing = 0;
			shellPath = /bin/sh;
			shellScript = "diff \"${PODS_PODFILE_DIR_PATH}/Podfile.lock\" \"${PODS_ROOT}/Manifest.lock\" > /dev/null\nif [ $? != 0 ] ; then\n    # print error to STDERR\n    echo \"error: The sandbox is not in sync with the Podfile.lock. Run 'pod install' or update your CocoaPods installation.\" >&2\n    exit 1\nfi\n# This output is used by Xcode 'outputs' to avoid re-running this script phase.\necho \"SUCCESS\" > \"${SCRIPT_OUTPUT_FILE_0}\"\n";
			showEnvVarsInLog = 0;
		};
		7BCEE1699993164D9225BC57 /* [CP] Embed Pods Frameworks */ = {
			isa = PBXShellScriptBuildPhase;
			buildActionMask = 2147483647;
			files = (
			);
			inputFileListPaths = (
				"${PODS_ROOT}/Target Support Files/Pods-Swift5 RunApp/Pods-Swift5 RunApp-frameworks-${CONFIGURATION}-input-files.xcfilelist",
			);
			name = "[CP] Embed Pods Frameworks";
			outputFileListPaths = (
				"${PODS_ROOT}/Target Support Files/Pods-Swift5 RunApp/Pods-Swift5 RunApp-frameworks-${CONFIGURATION}-output-files.xcfilelist",
			);
			runOnlyForDeploymentPostprocessing = 0;
			shellPath = /bin/sh;
			shellScript = "\"${PODS_ROOT}/Target Support Files/Pods-Swift5 RunApp/Pods-Swift5 RunApp-frameworks.sh\"\n";
			showEnvVarsInLog = 0;
		};
		8F1F44F3F8F259D7A5024B81 /* [CP] Check Pods Manifest.lock */ = {
			isa = PBXShellScriptBuildPhase;
			buildActionMask = 2147483647;
			files = (
			);
			inputFileListPaths = (
			);
			inputPaths = (
				"${PODS_PODFILE_DIR_PATH}/Podfile.lock",
				"${PODS_ROOT}/Manifest.lock",
			);
			name = "[CP] Check Pods Manifest.lock";
			outputFileListPaths = (
			);
			outputPaths = (
				"$(DERIVED_FILE_DIR)/Pods-Swift5 RunApp-checkManifestLockResult.txt",
			);
			runOnlyForDeploymentPostprocessing = 0;
			shellPath = /bin/sh;
			shellScript = "diff \"${PODS_PODFILE_DIR_PATH}/Podfile.lock\" \"${PODS_ROOT}/Manifest.lock\" > /dev/null\nif [ $? != 0 ] ; then\n    # print error to STDERR\n    echo \"error: The sandbox is not in sync with the Podfile.lock. Run 'pod install' or update your CocoaPods installation.\" >&2\n    exit 1\nfi\n# This output is used by Xcode 'outputs' to avoid re-running this script phase.\necho \"SUCCESS\" > \"${SCRIPT_OUTPUT_FILE_0}\"\n";
			showEnvVarsInLog = 0;
		};
/* End PBXShellScriptBuildPhase section */

/* Begin PBXSourcesBuildPhase section */
		E709BB43247D5B8D00E3BEED /* Sources */ = {
			isa = PBXSourcesBuildPhase;
			buildActionMask = 2147483647;
			files = (
				E709BB4F247D5B8D00E3BEED /* ViewController.swift in Sources */,
				E709BB4B247D5B8D00E3BEED /* AppDelegate.swift in Sources */,
				E709BB4D247D5B8D00E3BEED /* SceneDelegate.swift in Sources */,
			);
			runOnlyForDeploymentPostprocessing = 0;
		};
		E709BB59247D5B9100E3BEED /* Sources */ = {
			isa = PBXSourcesBuildPhase;
			buildActionMask = 2147483647;
			files = (
				E709BB62247D5B9100E3BEED /* Swift5_RunAppTests.swift in Sources */,
			);
			runOnlyForDeploymentPostprocessing = 0;
		};
		E709BB64247D5B9100E3BEED /* Sources */ = {
			isa = PBXSourcesBuildPhase;
			buildActionMask = 2147483647;
			files = (
				E709BB6D247D5B9100E3BEED /* Swift5_RunAppUITests.swift in Sources */,
			);
			runOnlyForDeploymentPostprocessing = 0;
		};
/* End PBXSourcesBuildPhase section */

/* Begin PBXTargetDependency section */
		E709BB5F247D5B9100E3BEED /* PBXTargetDependency */ = {
			isa = PBXTargetDependency;
			target = E709BB46247D5B8D00E3BEED /* Swift5 RunApp */;
			targetProxy = E709BB5E247D5B9100E3BEED /* PBXContainerItemProxy */;
		};
		E709BB6A247D5B9100E3BEED /* PBXTargetDependency */ = {
			isa = PBXTargetDependency;
			target = E709BB46247D5B8D00E3BEED /* Swift5 RunApp */;
			targetProxy = E709BB69247D5B9100E3BEED /* PBXContainerItemProxy */;
		};
/* End PBXTargetDependency section */

/* Begin PBXVariantGroup section */
		E709BB50247D5B8D00E3BEED /* Main.storyboard */ = {
			isa = PBXVariantGroup;
			children = (
				E709BB51247D5B8D00E3BEED /* Base */,
			);
			name = Main.storyboard;
			sourceTree = "<group>";
		};
		E709BB55247D5B9000E3BEED /* LaunchScreen.storyboard */ = {
			isa = PBXVariantGroup;
			children = (
				E709BB56247D5B9000E3BEED /* Base */,
			);
			name = LaunchScreen.storyboard;
			sourceTree = "<group>";
		};
/* End PBXVariantGroup section */

/* Begin XCBuildConfiguration section */
		E709BB6F247D5B9100E3BEED /* Debug */ = {
			isa = XCBuildConfiguration;
			buildSettings = {
				ALWAYS_SEARCH_USER_PATHS = NO;
				CLANG_ANALYZER_NONNULL = YES;
				CLANG_ANALYZER_NUMBER_OBJECT_CONVERSION = YES_AGGRESSIVE;
				CLANG_CXX_LANGUAGE_STANDARD = "gnu++14";
				CLANG_CXX_LIBRARY = "libc++";
				CLANG_ENABLE_MODULES = YES;
				CLANG_ENABLE_OBJC_ARC = YES;
				CLANG_ENABLE_OBJC_WEAK = YES;
				CLANG_WARN_BLOCK_CAPTURE_AUTORELEASING = YES;
				CLANG_WARN_BOOL_CONVERSION = YES;
				CLANG_WARN_COMMA = YES;
				CLANG_WARN_CONSTANT_CONVERSION = YES;
				CLANG_WARN_DEPRECATED_OBJC_IMPLEMENTATIONS = YES;
				CLANG_WARN_DIRECT_OBJC_ISA_USAGE = YES_ERROR;
				CLANG_WARN_DOCUMENTATION_COMMENTS = YES;
				CLANG_WARN_EMPTY_BODY = YES;
				CLANG_WARN_ENUM_CONVERSION = YES;
				CLANG_WARN_INFINITE_RECURSION = YES;
				CLANG_WARN_INT_CONVERSION = YES;
				CLANG_WARN_NON_LITERAL_NULL_CONVERSION = YES;
				CLANG_WARN_OBJC_IMPLICIT_RETAIN_SELF = YES;
				CLANG_WARN_OBJC_LITERAL_CONVERSION = YES;
				CLANG_WARN_OBJC_ROOT_CLASS = YES_ERROR;
				CLANG_WARN_RANGE_LOOP_ANALYSIS = YES;
				CLANG_WARN_STRICT_PROTOTYPES = YES;
				CLANG_WARN_SUSPICIOUS_MOVE = YES;
				CLANG_WARN_UNGUARDED_AVAILABILITY = YES_AGGRESSIVE;
				CLANG_WARN_UNREACHABLE_CODE = YES;
				CLANG_WARN__DUPLICATE_METHOD_MATCH = YES;
				COPY_PHASE_STRIP = NO;
				DEBUG_INFORMATION_FORMAT = dwarf;
				ENABLE_STRICT_OBJC_MSGSEND = YES;
				ENABLE_TESTABILITY = YES;
				GCC_C_LANGUAGE_STANDARD = gnu11;
				GCC_DYNAMIC_NO_PIC = NO;
				GCC_NO_COMMON_BLOCKS = YES;
				GCC_OPTIMIZATION_LEVEL = 0;
				GCC_PREPROCESSOR_DEFINITIONS = (
					"DEBUG=1",
					"$(inherited)",
				);
				GCC_WARN_64_TO_32_BIT_CONVERSION = YES;
				GCC_WARN_ABOUT_RETURN_TYPE = YES_ERROR;
				GCC_WARN_UNDECLARED_SELECTOR = YES;
				GCC_WARN_UNINITIALIZED_AUTOS = YES_AGGRESSIVE;
				GCC_WARN_UNUSED_FUNCTION = YES;
				GCC_WARN_UNUSED_VARIABLE = YES;
				IPHONEOS_DEPLOYMENT_TARGET = 13.4;
				MTL_ENABLE_DEBUG_INFO = INCLUDE_SOURCE;
				MTL_FAST_MATH = YES;
				ONLY_ACTIVE_ARCH = YES;
				SDKROOT = iphoneos;
				SWIFT_ACTIVE_COMPILATION_CONDITIONS = DEBUG;
				SWIFT_OPTIMIZATION_LEVEL = "-Onone";
			};
			name = Debug;
		};
		E709BB70247D5B9100E3BEED /* Release */ = {
			isa = XCBuildConfiguration;
			buildSettings = {
				ALWAYS_SEARCH_USER_PATHS = NO;
				CLANG_ANALYZER_NONNULL = YES;
				CLANG_ANALYZER_NUMBER_OBJECT_CONVERSION = YES_AGGRESSIVE;
				CLANG_CXX_LANGUAGE_STANDARD = "gnu++14";
				CLANG_CXX_LIBRARY = "libc++";
				CLANG_ENABLE_MODULES = YES;
				CLANG_ENABLE_OBJC_ARC = YES;
				CLANG_ENABLE_OBJC_WEAK = YES;
				CLANG_WARN_BLOCK_CAPTURE_AUTORELEASING = YES;
				CLANG_WARN_BOOL_CONVERSION = YES;
				CLANG_WARN_COMMA = YES;
				CLANG_WARN_CONSTANT_CONVERSION = YES;
				CLANG_WARN_DEPRECATED_OBJC_IMPLEMENTATIONS = YES;
				CLANG_WARN_DIRECT_OBJC_ISA_USAGE = YES_ERROR;
				CLANG_WARN_DOCUMENTATION_COMMENTS = YES;
				CLANG_WARN_EMPTY_BODY = YES;
				CLANG_WARN_ENUM_CONVERSION = YES;
				CLANG_WARN_INFINITE_RECURSION = YES;
				CLANG_WARN_INT_CONVERSION = YES;
				CLANG_WARN_NON_LITERAL_NULL_CONVERSION = YES;
				CLANG_WARN_OBJC_IMPLICIT_RETAIN_SELF = YES;
				CLANG_WARN_OBJC_LITERAL_CONVERSION = YES;
				CLANG_WARN_OBJC_ROOT_CLASS = YES_ERROR;
				CLANG_WARN_RANGE_LOOP_ANALYSIS = YES;
				CLANG_WARN_STRICT_PROTOTYPES = YES;
				CLANG_WARN_SUSPICIOUS_MOVE = YES;
				CLANG_WARN_UNGUARDED_AVAILABILITY = YES_AGGRESSIVE;
				CLANG_WARN_UNREACHABLE_CODE = YES;
				CLANG_WARN__DUPLICATE_METHOD_MATCH = YES;
				COPY_PHASE_STRIP = NO;
				DEBUG_INFORMATION_FORMAT = "dwarf-with-dsym";
				ENABLE_NS_ASSERTIONS = NO;
				ENABLE_STRICT_OBJC_MSGSEND = YES;
				GCC_C_LANGUAGE_STANDARD = gnu11;
				GCC_NO_COMMON_BLOCKS = YES;
				GCC_WARN_64_TO_32_BIT_CONVERSION = YES;
				GCC_WARN_ABOUT_RETURN_TYPE = YES_ERROR;
				GCC_WARN_UNDECLARED_SELECTOR = YES;
				GCC_WARN_UNINITIALIZED_AUTOS = YES_AGGRESSIVE;
				GCC_WARN_UNUSED_FUNCTION = YES;
				GCC_WARN_UNUSED_VARIABLE = YES;
				IPHONEOS_DEPLOYMENT_TARGET = 13.4;
				MTL_ENABLE_DEBUG_INFO = NO;
				MTL_FAST_MATH = YES;
				SDKROOT = iphoneos;
				SWIFT_COMPILATION_MODE = wholemodule;
				SWIFT_OPTIMIZATION_LEVEL = "-O";
				VALIDATE_PRODUCT = YES;
			};
			name = Release;
		};
		E709BB72247D5B9100E3BEED /* Debug */ = {
			isa = XCBuildConfiguration;
			baseConfigurationReference = 74B594B4AA03EBAC8800E1B3 /* Pods-Swift5 RunApp.debug.xcconfig */;
			buildSettings = {
				ASSETCATALOG_COMPILER_APPICON_NAME = AppIcon;
				CODE_SIGN_STYLE = Automatic;
				INFOPLIST_FILE = "Swift5 RunApp/Info.plist";
				LD_RUNPATH_SEARCH_PATHS = (
					"$(inherited)",
					"@executable_path/Frameworks",
				);
				PRODUCT_BUNDLE_IDENTIFIER = "com.-Hiroaki-Hirabayashi.Swift5-RunApp";
				PRODUCT_NAME = "$(TARGET_NAME)";
				SWIFT_VERSION = 5.0;
				TARGETED_DEVICE_FAMILY = "1,2";
			};
			name = Debug;
		};
		E709BB73247D5B9100E3BEED /* Release */ = {
			isa = XCBuildConfiguration;
			baseConfigurationReference = 1037C7DB7DC1D8385F606772 /* Pods-Swift5 RunApp.release.xcconfig */;
			buildSettings = {
				ASSETCATALOG_COMPILER_APPICON_NAME = AppIcon;
				CODE_SIGN_STYLE = Automatic;
				INFOPLIST_FILE = "Swift5 RunApp/Info.plist";
				LD_RUNPATH_SEARCH_PATHS = (
					"$(inherited)",
					"@executable_path/Frameworks",
				);
				PRODUCT_BUNDLE_IDENTIFIER = "com.-Hiroaki-Hirabayashi.Swift5-RunApp";
				PRODUCT_NAME = "$(TARGET_NAME)";
				SWIFT_VERSION = 5.0;
				TARGETED_DEVICE_FAMILY = "1,2";
			};
			name = Release;
		};
		E709BB75247D5B9100E3BEED /* Debug */ = {
			isa = XCBuildConfiguration;
			baseConfigurationReference = 30C8B80DA53BE98D9078AD47 /* Pods-Swift5 RunAppTests.debug.xcconfig */;
			buildSettings = {
				ALWAYS_EMBED_SWIFT_STANDARD_LIBRARIES = YES;
				BUNDLE_LOADER = "$(TEST_HOST)";
				CODE_SIGN_STYLE = Automatic;
				INFOPLIST_FILE = "Swift5 RunAppTests/Info.plist";
				IPHONEOS_DEPLOYMENT_TARGET = 13.4;
				LD_RUNPATH_SEARCH_PATHS = (
					"$(inherited)",
					"@executable_path/Frameworks",
					"@loader_path/Frameworks",
				);
				PRODUCT_BUNDLE_IDENTIFIER = "com.-Hiroaki-Hirabayashi.Swift5-RunAppTests";
				PRODUCT_NAME = "$(TARGET_NAME)";
				SWIFT_VERSION = 5.0;
				TARGETED_DEVICE_FAMILY = "1,2";
				TEST_HOST = "$(BUILT_PRODUCTS_DIR)/Swift5 RunApp.app/Swift5 RunApp";
			};
			name = Debug;
		};
		E709BB76247D5B9100E3BEED /* Release */ = {
			isa = XCBuildConfiguration;
			baseConfigurationReference = F59CD830F70E0B2A372ADE2E /* Pods-Swift5 RunAppTests.release.xcconfig */;
			buildSettings = {
				ALWAYS_EMBED_SWIFT_STANDARD_LIBRARIES = YES;
				BUNDLE_LOADER = "$(TEST_HOST)";
				CODE_SIGN_STYLE = Automatic;
				INFOPLIST_FILE = "Swift5 RunAppTests/Info.plist";
				IPHONEOS_DEPLOYMENT_TARGET = 13.4;
				LD_RUNPATH_SEARCH_PATHS = (
					"$(inherited)",
					"@executable_path/Frameworks",
					"@loader_path/Frameworks",
				);
				PRODUCT_BUNDLE_IDENTIFIER = "com.-Hiroaki-Hirabayashi.Swift5-RunAppTests";
				PRODUCT_NAME = "$(TARGET_NAME)";
				SWIFT_VERSION = 5.0;
				TARGETED_DEVICE_FAMILY = "1,2";
				TEST_HOST = "$(BUILT_PRODUCTS_DIR)/Swift5 RunApp.app/Swift5 RunApp";
			};
			name = Release;
		};
		E709BB78247D5B9100E3BEED /* Debug */ = {
			isa = XCBuildConfiguration;
			baseConfigurationReference = ADC6CBA977318347D2091EA9 /* Pods-Swift5 RunApp-Swift5 RunAppUITests.debug.xcconfig */;
			buildSettings = {
				ALWAYS_EMBED_SWIFT_STANDARD_LIBRARIES = YES;
				CODE_SIGN_STYLE = Automatic;
				INFOPLIST_FILE = "Swift5 RunAppUITests/Info.plist";
				LD_RUNPATH_SEARCH_PATHS = (
					"$(inherited)",
					"@executable_path/Frameworks",
					"@loader_path/Frameworks",
				);
				PRODUCT_BUNDLE_IDENTIFIER = "com.-Hiroaki-Hirabayashi.Swift5-RunAppUITests";
				PRODUCT_NAME = "$(TARGET_NAME)";
				SWIFT_VERSION = 5.0;
				TARGETED_DEVICE_FAMILY = "1,2";
				TEST_TARGET_NAME = "Swift5 RunApp";
			};
			name = Debug;
		};
		E709BB79247D5B9100E3BEED /* Release */ = {
			isa = XCBuildConfiguration;
			baseConfigurationReference = 5A7DC1D38A6525C9337A7146 /* Pods-Swift5 RunApp-Swift5 RunAppUITests.release.xcconfig */;
			buildSettings = {
				ALWAYS_EMBED_SWIFT_STANDARD_LIBRARIES = YES;
				CODE_SIGN_STYLE = Automatic;
				INFOPLIST_FILE = "Swift5 RunAppUITests/Info.plist";
				LD_RUNPATH_SEARCH_PATHS = (
					"$(inherited)",
					"@executable_path/Frameworks",
					"@loader_path/Frameworks",
				);
				PRODUCT_BUNDLE_IDENTIFIER = "com.-Hiroaki-Hirabayashi.Swift5-RunAppUITests";
				PRODUCT_NAME = "$(TARGET_NAME)";
				SWIFT_VERSION = 5.0;
				TARGETED_DEVICE_FAMILY = "1,2";
				TEST_TARGET_NAME = "Swift5 RunApp";
			};
			name = Release;
		};
/* End XCBuildConfiguration section */

/* Begin XCConfigurationList section */
		E709BB42247D5B8D00E3BEED /* Build configuration list for PBXProject "Swift5 RunApp" */ = {
			isa = XCConfigurationList;
			buildConfigurations = (
				E709BB6F247D5B9100E3BEED /* Debug */,
				E709BB70247D5B9100E3BEED /* Release */,
			);
			defaultConfigurationIsVisible = 0;
			defaultConfigurationName = Release;
		};
		E709BB71247D5B9100E3BEED /* Build configuration list for PBXNativeTarget "Swift5 RunApp" */ = {
			isa = XCConfigurationList;
			buildConfigurations = (
				E709BB72247D5B9100E3BEED /* Debug */,
				E709BB73247D5B9100E3BEED /* Release */,
			);
			defaultConfigurationIsVisible = 0;
			defaultConfigurationName = Release;
		};
		E709BB74247D5B9100E3BEED /* Build configuration list for PBXNativeTarget "Swift5 RunAppTests" */ = {
			isa = XCConfigurationList;
			buildConfigurations = (
				E709BB75247D5B9100E3BEED /* Debug */,
				E709BB76247D5B9100E3BEED /* Release */,
			);
			defaultConfigurationIsVisible = 0;
			defaultConfigurationName = Release;
		};
		E709BB77247D5B9100E3BEED /* Build configuration list for PBXNativeTarget "Swift5 RunAppUITests" */ = {
			isa = XCConfigurationList;
			buildConfigurations = (
				E709BB78247D5B9100E3BEED /* Debug */,
				E709BB79247D5B9100E3BEED /* Release */,
			);
			defaultConfigurationIsVisible = 0;
			defaultConfigurationName = Release;
		};
/* End XCConfigurationList section */
	};
	rootObject = E709BB3F247D5B8D00E3BEED /* Project object */;
}
